// !$*UTF8*$!
{
	archiveVersion = 1;
	classes = {
	};
	objectVersion = 46;
	objects = {

/* Begin PBXBuildFile section */
		BF5779901F9C2DD0001902D3 /* cs340project5.cpp in Sources */ = {isa = PBXBuildFile; fileRef = BF57798F1F9C2DD0001902D3 /* cs340project5.cpp */; };
		BF5779981F9C2F3D001902D3 /* Graph.cpp in Sources */ = {isa = PBXBuildFile; fileRef = BF5779961F9C2F3D001902D3 /* Graph.cpp */; };
		BF57799B1F9C30F7001902D3 /* LinkedList.cpp in Sources */ = {isa = PBXBuildFile; fileRef = BF5779991F9C30F7001902D3 /* LinkedList.cpp */; };
		BF57799E1F9EF843001902D3 /* shortestLL.cpp in Sources */ = {isa = PBXBuildFile; fileRef = BF57799C1F9EF843001902D3 /* shortestLL.cpp */; };
/* End PBXBuildFile section */

/* Begin PBXCopyFilesBuildPhase section */
		BF57798A1F9C2DD0001902D3 /* CopyFiles */ = {
			isa = PBXCopyFilesBuildPhase;
			buildActionMask = 2147483647;
			dstPath = /usr/share/man/man1/;
			dstSubfolderSpec = 0;
			files = (
			);
			runOnlyForDeploymentPostprocessing = 1;
		};
/* End PBXCopyFilesBuildPhase section */

/* Begin PBXFileReference section */
		BF57798C1F9C2DD0001902D3 /* CS 340 Project 5 */ = {isa = PBXFileReference; explicitFileType = "compiled.mach-o.executable"; includeInIndex = 0; path = "CS 340 Project 5"; sourceTree = BUILT_PRODUCTS_DIR; };
		BF57798F1F9C2DD0001902D3 /* cs340project5.cpp */ = {isa = PBXFileReference; lastKnownFileType = sourcecode.cpp.cpp; path = cs340project5.cpp; sourceTree = "<group>"; };
		BF5779961F9C2F3D001902D3 /* Graph.cpp */ = {isa = PBXFileReference; fileEncoding = 4; lastKnownFileType = sourcecode.cpp.cpp; path = Graph.cpp; sourceTree = "<group>"; };
		BF5779971F9C2F3D001902D3 /* Graph.h */ = {isa = PBXFileReference; fileEncoding = 4; lastKnownFileType = sourcecode.c.h; path = Graph.h; sourceTree = "<group>"; };
		BF5779991F9C30F7001902D3 /* LinkedList.cpp */ = {isa = PBXFileReference; fileEncoding = 4; lastKnownFileType = sourcecode.cpp.cpp; path = LinkedList.cpp; sourceTree = "<group>"; };
		BF57799A1F9C30F7001902D3 /* LinkedList.h */ = {isa = PBXFileReference; fileEncoding = 4; lastKnownFileType = sourcecode.c.h; path = LinkedList.h; sourceTree = "<group>"; };
		BF57799C1F9EF843001902D3 /* shortestLL.cpp */ = {isa = PBXFileReference; fileEncoding = 4; lastKnownFileType = sourcecode.cpp.cpp; path = shortestLL.cpp; sourceTree = "<group>"; };
		BF57799D1F9EF843001902D3 /* shortestLL.h */ = {isa = PBXFileReference; fileEncoding = 4; lastKnownFileType = sourcecode.c.h; path = shortestLL.h; sourceTree = "<group>"; };
/* End PBXFileReference section */

/* Begin PBXFrameworksBuildPhase section */
		BF5779891F9C2DD0001902D3 /* Frameworks */ = {
			isa = PBXFrameworksBuildPhase;
			buildActionMask = 2147483647;
			files = (
			);
			runOnlyForDeploymentPostprocessing = 0;
		};
/* End PBXFrameworksBuildPhase section */

/* Begin PBXGroup section */
		BF5779831F9C2DD0001902D3 = {
			isa = PBXGroup;
			children = (
				BF57798E1F9C2DD0001902D3 /* CS 340 Project 5 */,
				BF57798D1F9C2DD0001902D3 /* Products */,
			);
			sourceTree = "<group>";
		};
		BF57798D1F9C2DD0001902D3 /* Products */ = {
			isa = PBXGroup;
			children = (
				BF57798C1F9C2DD0001902D3 /* CS 340 Project 5 */,
			);
			name = Products;
			sourceTree = "<group>";
		};
		BF57798E1F9C2DD0001902D3 /* CS 340 Project 5 */ = {
			isa = PBXGroup;
			children = (
				BF57798F1F9C2DD0001902D3 /* cs340project5.cpp */,
				BF5779961F9C2F3D001902D3 /* Graph.cpp */,
				BF5779971F9C2F3D001902D3 /* Graph.h */,
				BF5779991F9C30F7001902D3 /* LinkedList.cpp */,
				BF57799A1F9C30F7001902D3 /* LinkedList.h */,
				BF57799C1F9EF843001902D3 /* shortestLL.cpp */,
				BF57799D1F9EF843001902D3 /* shortestLL.h */,
			);
			path = "CS 340 Project 5";
			sourceTree = "<group>";
		};
/* End PBXGroup section */

/* Begin PBXNativeTarget section */
		BF57798B1F9C2DD0001902D3 /* CS 340 Project 5 */ = {
			isa = PBXNativeTarget;
			buildConfigurationList = BF5779931F9C2DD0001902D3 /* Build configuration list for PBXNativeTarget "CS 340 Project 5" */;
			buildPhases = (
				BF5779881F9C2DD0001902D3 /* Sources */,
				BF5779891F9C2DD0001902D3 /* Frameworks */,
				BF57798A1F9C2DD0001902D3 /* CopyFiles */,
			);
			buildRules = (
			);
			dependencies = (
			);
			name = "CS 340 Project 5";
			productName = "CS 340 Project 5";
			productReference = BF57798C1F9C2DD0001902D3 /* CS 340 Project 5 */;
			productType = "com.apple.product-type.tool";
		};
/* End PBXNativeTarget section */

/* Begin PBXProject section */
		BF5779841F9C2DD0001902D3 /* Project object */ = {
			isa = PBXProject;
			attributes = {
				LastUpgradeCheck = 0830;
				ORGANIZATIONNAME = "Jimmy Callahan";
				TargetAttributes = {
					BF57798B1F9C2DD0001902D3 = {
						CreatedOnToolsVersion = 8.3.2;
						ProvisioningStyle = Automatic;
					};
				};
			};
			buildConfigurationList = BF5779871F9C2DD0001902D3 /* Build configuration list for PBXProject "CS 340 Project 5" */;
			compatibilityVersion = "Xcode 3.2";
			developmentRegion = English;
			hasScannedForEncodings = 0;
			knownRegions = (
				en,
			);
			mainGroup = BF5779831F9C2DD0001902D3;
			productRefGroup = BF57798D1F9C2DD0001902D3 /* Products */;
			projectDirPath = "";
			projectRoot = "";
			targets = (
				BF57798B1F9C2DD0001902D3 /* CS 340 Project 5 */,
			);
		};
/* End PBXProject section */

/* Begin PBXSourcesBuildPhase section */
		BF5779881F9C2DD0001902D3 /* Sources */ = {
			isa = PBXSourcesBuildPhase;
			buildActionMask = 2147483647;
			files = (
				BF5779981F9C2F3D001902D3 /* Graph.cpp in Sources */,
				BF57799B1F9C30F7001902D3 /* LinkedList.cpp in Sources */,
				BF5779901F9C2DD0001902D3 /* cs340project5.cpp in Sources */,
				BF57799E1F9EF843001902D3 /* shortestLL.cpp in Sources */,
			);
			runOnlyForDeploymentPostprocessing = 0;
		};
/* End PBXSourcesBuildPhase section */

/* Begin XCBuildConfiguration section */
		BF5779911F9C2DD0001902D3 /* Debug */ = {
			isa = XCBuildConfiguration;
			buildSettings = {
				ALWAYS_SEARCH_USER_PATHS = NO;
				CLANG_ANALYZER_NONNULL = YES;
				CLANG_ANALYZER_NUMBER_OBJECT_CONVERSION = YES_AGGRESSIVE;
				CLANG_CXX_LANGUAGE_STANDARD = "gnu++0x";
				CLANG_CXX_LIBRARY = "libc++";
				CLANG_ENABLE_MODULES = YES;
				CLANG_ENABLE_OBJC_ARC = YES;
				CLANG_WARN_BOOL_CONVERSION = YES;
				CLANG_WARN_CONSTANT_CONVERSION = YES;
				CLANG_WARN_DIRECT_OBJC_ISA_USAGE = YES_ERROR;
				CLANG_WARN_DOCUMENTATION_COMMENTS = YES;
				CLANG_WARN_EMPTY_BODY = YES;
				CLANG_WARN_ENUM_CONVERSION = YES;
				CLANG_WARN_INFINITE_RECURSION = YES;
				CLANG_WARN_INT_CONVERSION = YES;
				CLANG_WARN_OBJC_ROOT_CLASS = YES_ERROR;
				CLANG_WARN_SUSPICIOUS_MOVE = YES;
				CLANG_WARN_UNREACHABLE_CODE = YES;
				CLANG_WARN__DUPLICATE_METHOD_MATCH = YES;
				CODE_SIGN_IDENTITY = "-";
				COPY_PHASE_STRIP = NO;
				DEBUG_INFORMATION_FORMAT = dwarf;
				ENABLE_STRICT_OBJC_MSGSEND = YES;
				ENABLE_TESTABILITY = YES;
				GCC_C_LANGUAGE_STANDARD = gnu99;
				GCC_DYNAMIC_NO_PIC = NO;
				GCC_NO_COMMON_BLOCKS = YES;
				GCC_OPTIMIZATION_LEVEL = 0;
				GCC_PREPROCESSOR_DEFINITIONS = (
					"DEBUG=1",
					"$(inherited)",
				);
				GCC_WARN_64_TO_32_BIT_CONVERSION = YES;
				GCC_WARN_ABOUT_RETURN_TYPE = YES_ERROR;
				GCC_WARN_UNDECLARED_SELECTOR = YES;
				GCC_WARN_UNINITIALIZED_AUTOS = YES_AGGRESSIVE;
				GCC_WARN_UNUSED_FUNCTION = YES;
				GCC_WARN_UNUSED_VARIABLE = YES;
				MACOSX_DEPLOYMENT_TARGET = 10.12;
				MTL_ENABLE_DEBUG_INFO = YES;
				ONLY_ACTIVE_ARCH = YES;
				SDKROOT = macosx;
			};
			name = Debug;
		};
		BF5779921F9C2DD0001902D3 /* Release */ = {
			isa = XCBuildConfiguration;
			buildSettings = {
				ALWAYS_SEARCH_USER_PATHS = NO;
				CLANG_ANALYZER_NONNULL = YES;
				CLANG_ANALYZER_NUMBER_OBJECT_CONVERSION = YES_AGGRESSIVE;
				CLANG_CXX_LANGUAGE_STANDARD = "gnu++0x";
				CLANG_CXX_LIBRARY = "libc++";
				CLANG_ENABLE_MODULES = YES;
				CLANG_ENABLE_OBJC_ARC = YES;
				CLANG_WARN_BOOL_CONVERSION = YES;
				CLANG_WARN_CONSTANT_CONVERSION = YES;
				CLANG_WARN_DIRECT_OBJC_ISA_USAGE = YES_ERROR;
				CLANG_WARN_DOCUMENTATION_COMMENTS = YES;
				CLANG_WARN_EMPTY_BODY = YES;
				CLANG_WARN_ENUM_CONVERSION = YES;
				CLANG_WARN_INFINITE_RECURSION = YES;
				CLANG_WARN_INT_CONVERSION = YES;
				CLANG_WARN_OBJC_ROOT_CLASS = YES_ERROR;
				CLANG_WARN_SUSPICIOUS_MOVE = YES;
				CLANG_WARN_UNREACHABLE_CODE = YES;
				CLANG_WARN__DUPLICATE_METHOD_MATCH = YES;
				CODE_SIGN_IDENTITY = "-";
				COPY_PHASE_STRIP = NO;
				DEBUG_INFORMATION_FORMAT = "dwarf-with-dsym";
				ENABLE_NS_ASSERTIONS = NO;
				ENABLE_STRICT_OBJC_MSGSEND = YES;
				GCC_C_LANGUAGE_STANDARD = gnu99;
				GCC_NO_COMMON_BLOCKS = YES;
				GCC_WARN_64_TO_32_BIT_CONVERSION = YES;
				GCC_WARN_ABOUT_RETURN_TYPE = YES_ERROR;
				GCC_WARN_UNDECLARED_SELECTOR = YES;
				GCC_WARN_UNINITIALIZED_AUTOS = YES_AGGRESSIVE;
				GCC_WARN_UNUSED_FUNCTION = YES;
				GCC_WARN_UNUSED_VARIABLE = YES;
				MACOSX_DEPLOYMENT_TARGET = 10.12;
				MTL_ENABLE_DEBUG_INFO = NO;
				SDKROOT = macosx;
			};
			name = Release;
		};
		BF5779941F9C2DD0001902D3 /* Debug */ = {
			isa = XCBuildConfiguration;
			buildSettings = {
				PRODUCT_NAME = "$(TARGET_NAME)";
			};
			name = Debug;
		};
		BF5779951F9C2DD0001902D3 /* Release */ = {
			isa = XCBuildConfiguration;
			buildSettings = {
				PRODUCT_NAME = "$(TARGET_NAME)";
			};
			name = Release;
		};
/* End XCBuildConfiguration section */

/* Begin XCConfigurationList section */
		BF5779871F9C2DD0001902D3 /* Build configuration list for PBXProject "CS 340 Project 5" */ = {
			isa = XCConfigurationList;
			buildConfigurations = (
				BF5779911F9C2DD0001902D3 /* Debug */,
				BF5779921F9C2DD0001902D3 /* Release */,
			);
			defaultConfigurationIsVisible = 0;
			defaultConfigurationName = Release;
		};
		BF5779931F9C2DD0001902D3 /* Build configuration list for PBXNativeTarget "CS 340 Project 5" */ = {
			isa = XCConfigurationList;
			buildConfigurations = (
				BF5779941F9C2DD0001902D3 /* Debug */,
				BF5779951F9C2DD0001902D3 /* Release */,
			);
			defaultConfigurationIsVisible = 0;
		};
/* End XCConfigurationList section */
	};
	rootObject = BF5779841F9C2DD0001902D3 /* Project object */;
}
